{
  "name": "suedwindEngine",
  "lockfileVersion": 2,
  "requires": true,
  "packages": {
    "": {
      "dependencies": {
        "neu": "^0.0.0"
      }
    },
    "node_modules/neu": {
      "version": "0.0.0",
      "resolved": "https://registry.npmjs.org/neu/-/neu-0.0.0.tgz",
      "integrity": "sha512-ucFeZHagOeK7l/kCFfVlsL5bMDabSKJVH7RB2V2ii73AfWDVpvsR68uSkx2aD5H3XW7Xqne9kitroAwWrmEu3g=="
    }
  },
  "dependencies": {
    "neu": {
      "version": "0.0.0",
      "resolved": "https://registry.npmjs.org/neu/-/neu-0.0.0.tgz",
      "integrity": "sha512-ucFeZHagOeK7l/kCFfVlsL5bMDabSKJVH7RB2V2ii73AfWDVpvsR68uSkx2aD5H3XW7Xqne9kitroAwWrmEu3g=="
    }
  }
}
